<?xml version="1.0" encoding="UTF-8" standalone="yes" ?>
<CodeBlocks_project_file>
	<FileVersion major="1" minor="6" />
	<Project>
		<Option title="mx25printer" />
		<Option platforms="Unix;" />
		<Option makefile_is_custom="1" />
		<Option pch_mode="2" />
		<Option compiler="armelfgcc" />
		<Build>
			<Target title="ALL">
				<Option output="bin/Release/mx25printer" prefix_auto="1" extension_auto="1" />
				<Option object_output="obj/Release/" />
				<Option type="1" />
				<Option compiler="armelfgcc" />
				<Compiler>
					<Add option="-O2" />
				</Compiler>
				<Linker>
					<Add option="-s" />
				</Linker>
			</Target>
		</Build>
		<Compiler>
			<Add option="-Wall" />
		</Compiler>
		<Unit filename="apselm205.c">
			<Option compilerVar="CC" />
		</Unit>
		<Unit filename="apselm205.h" />
		<Unit filename="m-u111s2.c">
			<Option compilerVar="CC" />
		</Unit>
		<Unit filename="m-u111s2.h" />
		<Unit filename="mx25_pins.h" />
		<Unit filename="mx25printer.c">
			<Option compilerVar="CC" />
		</Unit>
		<Unit filename="mx25printer.h" />
		<Extensions>
			<code_completion />
			<debugger />
		</Extensions>
	</Project>
</CodeBlocks_project_file>
